
Microsoft Visual Studio Solution File, Format Version 12.00
# Visual Studio 2012
Project("{FAE04EC0-301F-11D3-BF4B-00C04F79EFBC}") = "WinFormAnimation", "WinFormAnimation\WinFormAnimation.csproj", "{4FE3EB4D-C3F1-4715-AAC5-C8671F646414}"
EndProject
Project("{FAE04EC0-301F-11D3-BF4B-00C04F79EFBC}") = "WinFormAnimation.Samples", "WinFormAnimation.Samples\WinFormAnimation.Samples.csproj", "{EF38FA05-26F0-49DB-A18F-4C5B6303C77A}"
EndProject
Global
	GlobalSection(SolutionConfigurationPlatforms) = preSolution
		Debug|Any CPU = Debug|Any CPU
		Release|Any CPU = Release|Any CPU
	EndGlobalSection
	GlobalSection(ProjectConfigurationPlatforms) = postSolution
		{4FE3EB4D-C3F1-4715-AAC5-C8671F646414}.Debug|Any CPU.ActiveCfg = Debug|Any CPU
		{4FE3EB4D-C3F1-4715-AAC5-C8671F646414}.Debug|Any CPU.Build.0 = Debug|Any CPU
		{4FE3EB4D-C3F1-4715-AAC5-C8671F646414}.Release|Any CPU.ActiveCfg = Release|Any CPU
		{4FE3EB4D-C3F1-4715-AAC5-C8671F646414}.Release|Any CPU.Build.0 = Release|Any CPU
		{EF38FA05-26F0-49DB-A18F-4C5B6303C77A}.Debug|Any CPU.ActiveCfg = Debug|Any CPU
		{EF38FA05-26F0-49DB-A18F-4C5B6303C77A}.Debug|Any CPU.Build.0 = Debug|Any CPU
		{EF38FA05-26F0-49DB-A18F-4C5B6303C77A}.Release|Any CPU.ActiveCfg = Release|Any CPU
		{EF38FA05-26F0-49DB-A18F-4C5B6303C77A}.Release|Any CPU.Build.0 = Release|Any CPU
	EndGlobalSection
	GlobalSection(SolutionProperties) = preSolution
		HideSolutionNode = FALSE
	EndGlobalSection
EndGlobal
